
Microsoft Visual Studio Solution File, Format Version 12.00
# Visual Studio Version 17
VisualStudioVersion = 17.5.33530.505
MinimumVisualStudioVersion = 10.0.40219.1
Project("{8BC9CEB8-8B4A-11D0-8D11-00A0C91BC942}") = "DummyRepeater", "DummyRepeater.vcxproj", "{37A8086A-41D0-453B-9F5E-4D61B6741E51}"
EndProject
Global
	GlobalSection(SolutionConfigurationPlatforms) = preSolution
		Debug|x64 = Debug|x64
		Debug|x86 = Debug|x86
		Release|x64 = Release|x64
		Release|x86 = Release|x86
	EndGlobalSection
	GlobalSection(ProjectConfigurationPlatforms) = postSolution
		{37A8086A-41D0-453B-9F5E-4D61B6741E51}.Debug|x64.ActiveCfg = Debug|x64
		{37A8086A-41D0-453B-9F5E-4D61B6741E51}.Debug|x64.Build.0 = Debug|x64
		{37A8086A-41D0-453B-9F5E-4D61B6741E51}.Debug|x86.ActiveCfg = Debug|Win32
		{37A8086A-41D0-453B-9F5E-4D61B6741E51}.Debug|x86.Build.0 = Debug|Win32
		{37A8086A-41D0-453B-9F5E-4D61B6741E51}.Release|x64.ActiveCfg = Release|x64
		{37A8086A-41D0-453B-9F5E-4D61B6741E51}.Release|x64.Build.0 = Release|x64
		{37A8086A-41D0-453B-9F5E-4D61B6741E51}.Release|x86.ActiveCfg = Release|Win32
		{37A8086A-41D0-453B-9F5E-4D61B6741E51}.Release|x86.Build.0 = Release|Win32
	EndGlobalSection
	GlobalSection(SolutionProperties) = preSolution
		HideSolutionNode = FALSE
	EndGlobalSection
	GlobalSection(ExtensibilityGlobals) = postSolution
		SolutionGuid = {1937DFFF-14AC-48D5-A3C2-DA0C4DC6AB0B}
	EndGlobalSection
EndGlobal
